
Microsoft Visual Studio Solution File, Format Version 12.00
# Visual Studio 15
VisualStudioVersion = 15.0.27130.2036
MinimumVisualStudioVersion = 10.0.40219.1
Project("{FAE04EC0-301F-11D3-BF4B-00C04F79EFBC}") = "BPB", "Retele\BPB.csproj", "{474584D2-4DDD-456B-9783-82535D13B1AA}"
EndProject
Project("{FAE04EC0-301F-11D3-BF4B-00C04F79EFBC}") = "TokenRing", "TokenRing\TokenRing.csproj", "{4D4246A8-E5E5-4444-83D1-6B0F5C26FC61}"
EndProject
Project("{FAE04EC0-301F-11D3-BF4B-00C04F79EFBC}") = "CRC", "CRC\CRC.csproj", "{1B3C4D28-76EC-4059-BDE2-8EACF6BF0D23}"
EndProject
Project("{FAE04EC0-301F-11D3-BF4B-00C04F79EFBC}") = "Tema3", "Tema3\Tema3.csproj", "{CA5A2FED-DD54-4271-A471-EF6A62DEB631}"
EndProject
Project("{FAE04EC0-301F-11D3-BF4B-00C04F79EFBC}") = "SlidingWindow", "Tema4\Tema4\SlidingWindow.csproj", "{BDD95629-AF8B-4AFD-B411-34FE47B54956}"
EndProject
Project("{FAE04EC0-301F-11D3-BF4B-00C04F79EFBC}") = "TranspositionClient", "TranspositionClient\TranspositionClient.csproj", "{4DB4A9C7-E8DE-4B1C-A17D-CC7D25733E12}"
EndProject
Project("{FAE04EC0-301F-11D3-BF4B-00C04F79EFBC}") = "TransportationServer", "TransportationServer\TransportationServer.csproj", "{8D7DF31D-4F5F-448B-88B5-829FC97944E4}"
EndProject
Project("{FAE04EC0-301F-11D3-BF4B-00C04F79EFBC}") = "CaesarCipher", "CaesarCipher\CaesarCipher.csproj", "{32FD8C47-1DED-4F01-A81D-985B96A77916}"
EndProject
Global
	GlobalSection(SolutionConfigurationPlatforms) = preSolution
		Debug|Any CPU = Debug|Any CPU
		Release|Any CPU = Release|Any CPU
	EndGlobalSection
	GlobalSection(ProjectConfigurationPlatforms) = postSolution
		{474584D2-4DDD-456B-9783-82535D13B1AA}.Debug|Any CPU.ActiveCfg = Debug|Any CPU
		{474584D2-4DDD-456B-9783-82535D13B1AA}.Debug|Any CPU.Build.0 = Debug|Any CPU
		{474584D2-4DDD-456B-9783-82535D13B1AA}.Release|Any CPU.ActiveCfg = Release|Any CPU
		{474584D2-4DDD-456B-9783-82535D13B1AA}.Release|Any CPU.Build.0 = Release|Any CPU
		{4D4246A8-E5E5-4444-83D1-6B0F5C26FC61}.Debug|Any CPU.ActiveCfg = Debug|Any CPU
		{4D4246A8-E5E5-4444-83D1-6B0F5C26FC61}.Debug|Any CPU.Build.0 = Debug|Any CPU
		{4D4246A8-E5E5-4444-83D1-6B0F5C26FC61}.Release|Any CPU.ActiveCfg = Release|Any CPU
		{4D4246A8-E5E5-4444-83D1-6B0F5C26FC61}.Release|Any CPU.Build.0 = Release|Any CPU
		{1B3C4D28-76EC-4059-BDE2-8EACF6BF0D23}.Debug|Any CPU.ActiveCfg = Debug|Any CPU
		{1B3C4D28-76EC-4059-BDE2-8EACF6BF0D23}.Debug|Any CPU.Build.0 = Debug|Any CPU
		{1B3C4D28-76EC-4059-BDE2-8EACF6BF0D23}.Release|Any CPU.ActiveCfg = Release|Any CPU
		{1B3C4D28-76EC-4059-BDE2-8EACF6BF0D23}.Release|Any CPU.Build.0 = Release|Any CPU
		{CA5A2FED-DD54-4271-A471-EF6A62DEB631}.Debug|Any CPU.ActiveCfg = Debug|Any CPU
		{CA5A2FED-DD54-4271-A471-EF6A62DEB631}.Debug|Any CPU.Build.0 = Debug|Any CPU
		{CA5A2FED-DD54-4271-A471-EF6A62DEB631}.Release|Any CPU.ActiveCfg = Release|Any CPU
		{CA5A2FED-DD54-4271-A471-EF6A62DEB631}.Release|Any CPU.Build.0 = Release|Any CPU
		{BDD95629-AF8B-4AFD-B411-34FE47B54956}.Debug|Any CPU.ActiveCfg = Debug|Any CPU
		{BDD95629-AF8B-4AFD-B411-34FE47B54956}.Debug|Any CPU.Build.0 = Debug|Any CPU
		{BDD95629-AF8B-4AFD-B411-34FE47B54956}.Release|Any CPU.ActiveCfg = Release|Any CPU
		{BDD95629-AF8B-4AFD-B411-34FE47B54956}.Release|Any CPU.Build.0 = Release|Any CPU
		{4DB4A9C7-E8DE-4B1C-A17D-CC7D25733E12}.Debug|Any CPU.ActiveCfg = Debug|Any CPU
		{4DB4A9C7-E8DE-4B1C-A17D-CC7D25733E12}.Debug|Any CPU.Build.0 = Debug|Any CPU
		{4DB4A9C7-E8DE-4B1C-A17D-CC7D25733E12}.Release|Any CPU.ActiveCfg = Release|Any CPU
		{4DB4A9C7-E8DE-4B1C-A17D-CC7D25733E12}.Release|Any CPU.Build.0 = Release|Any CPU
		{8D7DF31D-4F5F-448B-88B5-829FC97944E4}.Debug|Any CPU.ActiveCfg = Debug|Any CPU
		{8D7DF31D-4F5F-448B-88B5-829FC97944E4}.Debug|Any CPU.Build.0 = Debug|Any CPU
		{8D7DF31D-4F5F-448B-88B5-829FC97944E4}.Release|Any CPU.ActiveCfg = Release|Any CPU
		{8D7DF31D-4F5F-448B-88B5-829FC97944E4}.Release|Any CPU.Build.0 = Release|Any CPU
		{32FD8C47-1DED-4F01-A81D-985B96A77916}.Debug|Any CPU.ActiveCfg = Debug|Any CPU
		{32FD8C47-1DED-4F01-A81D-985B96A77916}.Debug|Any CPU.Build.0 = Debug|Any CPU
		{32FD8C47-1DED-4F01-A81D-985B96A77916}.Release|Any CPU.ActiveCfg = Release|Any CPU
		{32FD8C47-1DED-4F01-A81D-985B96A77916}.Release|Any CPU.Build.0 = Release|Any CPU
	EndGlobalSection
	GlobalSection(SolutionProperties) = preSolution
		HideSolutionNode = FALSE
	EndGlobalSection
	GlobalSection(ExtensibilityGlobals) = postSolution
		SolutionGuid = {6098071B-86D9-4599-8B11-929A5BDA0A33}
	EndGlobalSection
EndGlobal
